
Microsoft Visual Studio Solution File, Format Version 12.00
# Visual Studio Version 16
VisualStudioVersion = 16.0.30128.74
MinimumVisualStudioVersion = 10.0.40219.1
Project("{888888A0-9F3D-457C-B088-3A5042F75D52}") = "YearlyRaise", "YearlyRaise.pyproj", "{4BCE2983-F93E-4236-9CC1-2EA5F9C0A6D9}"
EndProject
Global
	GlobalSection(SolutionConfigurationPlatforms) = preSolution
		Debug|Any CPU = Debug|Any CPU
		Release|Any CPU = Release|Any CPU
	EndGlobalSection
	GlobalSection(ProjectConfigurationPlatforms) = postSolution
		{4BCE2983-F93E-4236-9CC1-2EA5F9C0A6D9}.Debug|Any CPU.ActiveCfg = Debug|Any CPU
		{4BCE2983-F93E-4236-9CC1-2EA5F9C0A6D9}.Release|Any CPU.ActiveCfg = Release|Any CPU
	EndGlobalSection
	GlobalSection(SolutionProperties) = preSolution
		HideSolutionNode = FALSE
	EndGlobalSection
	GlobalSection(ExtensibilityGlobals) = postSolution
		SolutionGuid = {0A90521A-CF39-4E50-BF70-C5E02EE86668}
	EndGlobalSection
EndGlobal
